dependencies:
  espressif/ds18b20:
    component_hash: 05745ed2a307aa3a1f67698a02713bec8da19537912bf7c58578694ff05ab3b8
    dependencies:
    - name: espressif/onewire_bus
      registry_url: https://components.espressif.com
      require: private
      version: ^1.1.0
    source:
      registry_url: https://components.espressif.com/
      type: service
    version: 0.3.1~1
  espressif/mdns:
    component_hash: b679eafd0acae2066e2645bd91d073e33ca5be515e2545cd3c4e55a3e3bce3cb
    dependencies:
    - name: idf
      require: private
      version: '>=5.0'
    source:
      registry_url: https://components.espressif.com/
      type: service
    version: 1.13.1
  espressif/onewire_bus:
    component_hash: dcce4fb1c2fc43c3d02de1cc9abdf062127468a785578723696de3817c526f99
    dependencies:
    - name: idf
      require: private
      version: '>=5.0'
    source:
      registry_url: https://components.espressif.com
      type: service
    version: 1.1.2
  h2zero/esp-nimble-cpp:
    component_hash: 720050476f7fb47bd0aa08a94642fd09a50536391d60081858702a789405d76f
    dependencies:
    - name: espressif/esp_hosted
      registry_url: https://components.espressif.com
      require: private
      rules:
      - if: target in [esp32p4]
      version: '*'
    - name: espressif/esp_wifi_remote
      registry_url: https://components.espressif.com
      require: private
      rules:
      - if: target in [esp32p4]
      version: '>=0.5.3'
    - name: idf
      require: private
      rules:
      - if: target in [esp32p4]
      version: '>=5.3.0'
    source:
      registry_url: https://components.espressif.com/
      type: service
    version: 2.5.0
  idf:
    source:
      type: idf
    version: 5.5.3
  joltwallet/littlefs:
    component_hash: 3af20a3d75c49db9dc2286fd50862c34055c9f578419ad1f2bf7ed3ed01391fe
    dependencies:
    - name: idf
      require: private
      version: '>=5.0'
    source:
      registry_url: https://components.espressif.com/
      type: service
    version: 1.22.3
  thorrak/esp_wifi_config:
    component_hash: cf22f60150b8a6b2e7b5bbb7dca61602d5dbe910861f1606dd86268ac5a6565c
    dependencies:
    - name: espressif/network_provisioning
      registry_url: https://components.espressif.com
      require: private
      rules:
      - if: idf_version >=6.0
      version: ^1.0.0
    - name: idf
      require: private
      version: '>=5.4'
    source:
      registry_url: https://components.espressif.com/
      type: service
    targets:
    - esp32
    - esp32s2
    - esp32s3
    - esp32c3
    - esp32c6
    version: 0.4.1
direct_dependencies:
- espressif/ds18b20
- espressif/mdns
- h2zero/esp-nimble-cpp
- idf
- joltwallet/littlefs
- thorrak/esp_wifi_config
manifest_hash: 81bded89424252e460ad41036f2ec65d3487ab21e6f583c8bf6fa01efd8decc5
target: esp32
version: 2.0.0
